{
  "object": {
    "pins": [
      {
        "package": "WebRTC",
        "repositoryURL": "https://github.com/sendbird/sendbird-webrtc-ios",
        "state": {
          "branch": null,
          "revision": "6f05c92bb784208b3bad2ef42a6b5d2a474defd9",
          "version": "1.9.0"
        }
      }
    ]
  },
  "version": 1
}
