{
  "object": {
    "pins": [
      {
        "package": "WebRTC",
        "repositoryURL": "https://github.com/sendbird/sendbird-webrtc-ios",
        "state": {
          "branch": null,
          "revision": "a736f8e6d0df0e39707e1323fa8f20c0979ee201",
          "version": "1.8.1"
        }
      }
    ]
  },
  "version": 1
}
