{
  "object": {
    "pins": [
      {
        "package": "WebRTC",
        "repositoryURL": "https://github.com/sendbird/sendbird-webrtc-ios",
        "state": {
          "branch": null,
          "revision": "227e831ecd4a5c35490a1357cad738aad620c698",
          "version": "1.6.0"
        }
      }
    ]
  },
  "version": 1
}
